
Microsoft Visual Studio Solution File, Format Version 12.00
# Visual Studio Version 17
VisualStudioVersion = 17.3.32811.315
MinimumVisualStudioVersion = 10.0.40219.1
Project("{9A19103F-16F7-4668-BE54-9A1E7A4F7556}") = "PolyclinicBackend", "PolyclinicBackend\PolyclinicBackend.csproj", "{B82011BA-A3B9-40BC-9649-DA962D3A2C51}"
EndProject
Project("{9A19103F-16F7-4668-BE54-9A1E7A4F7556}") = "Data.BLL", "Data.BLL\Data.BLL.csproj", "{A7F1DB2E-21A9-42E6-9137-6D3E3B6B1F2C}"
EndProject
Project("{9A19103F-16F7-4668-BE54-9A1E7A4F7556}") = "Data.DAL", "Data.DAL\Data.DAL.csproj", "{42B73B1E-197E-4A87-A8BD-F35E157D7758}"
EndProject
Project("{FAE04EC0-301F-11D3-BF4B-00C04F79EFBC}") = "PythonService", "PythonService\PythonService.csproj", "{56BD7EE1-DD5A-4616-8B29-981D718DEEB3}"
EndProject
Project("{FAE04EC0-301F-11D3-BF4B-00C04F79EFBC}") = "VisitorsGenerated", "VisitorsGenerated\VisitorsGenerated.csproj", "{27A324CD-6B4A-4658-811E-600F5EC90A9B}"
EndProject
Global
	GlobalSection(SolutionConfigurationPlatforms) = preSolution
		Debug|Any CPU = Debug|Any CPU
		Release|Any CPU = Release|Any CPU
	EndGlobalSection
	GlobalSection(ProjectConfigurationPlatforms) = postSolution
		{B82011BA-A3B9-40BC-9649-DA962D3A2C51}.Debug|Any CPU.ActiveCfg = Debug|Any CPU
		{B82011BA-A3B9-40BC-9649-DA962D3A2C51}.Debug|Any CPU.Build.0 = Debug|Any CPU
		{B82011BA-A3B9-40BC-9649-DA962D3A2C51}.Release|Any CPU.ActiveCfg = Release|Any CPU
		{B82011BA-A3B9-40BC-9649-DA962D3A2C51}.Release|Any CPU.Build.0 = Release|Any CPU
		{A7F1DB2E-21A9-42E6-9137-6D3E3B6B1F2C}.Debug|Any CPU.ActiveCfg = Debug|Any CPU
		{A7F1DB2E-21A9-42E6-9137-6D3E3B6B1F2C}.Debug|Any CPU.Build.0 = Debug|Any CPU
		{A7F1DB2E-21A9-42E6-9137-6D3E3B6B1F2C}.Release|Any CPU.ActiveCfg = Release|Any CPU
		{A7F1DB2E-21A9-42E6-9137-6D3E3B6B1F2C}.Release|Any CPU.Build.0 = Release|Any CPU
		{42B73B1E-197E-4A87-A8BD-F35E157D7758}.Debug|Any CPU.ActiveCfg = Debug|Any CPU
		{42B73B1E-197E-4A87-A8BD-F35E157D7758}.Debug|Any CPU.Build.0 = Debug|Any CPU
		{42B73B1E-197E-4A87-A8BD-F35E157D7758}.Release|Any CPU.ActiveCfg = Release|Any CPU
		{42B73B1E-197E-4A87-A8BD-F35E157D7758}.Release|Any CPU.Build.0 = Release|Any CPU
		{56BD7EE1-DD5A-4616-8B29-981D718DEEB3}.Debug|Any CPU.ActiveCfg = Debug|Any CPU
		{56BD7EE1-DD5A-4616-8B29-981D718DEEB3}.Debug|Any CPU.Build.0 = Debug|Any CPU
		{56BD7EE1-DD5A-4616-8B29-981D718DEEB3}.Release|Any CPU.ActiveCfg = Release|Any CPU
		{56BD7EE1-DD5A-4616-8B29-981D718DEEB3}.Release|Any CPU.Build.0 = Release|Any CPU
		{27A324CD-6B4A-4658-811E-600F5EC90A9B}.Debug|Any CPU.ActiveCfg = Debug|Any CPU
		{27A324CD-6B4A-4658-811E-600F5EC90A9B}.Debug|Any CPU.Build.0 = Debug|Any CPU
		{27A324CD-6B4A-4658-811E-600F5EC90A9B}.Release|Any CPU.ActiveCfg = Release|Any CPU
		{27A324CD-6B4A-4658-811E-600F5EC90A9B}.Release|Any CPU.Build.0 = Release|Any CPU
	EndGlobalSection
	GlobalSection(SolutionProperties) = preSolution
		HideSolutionNode = FALSE
	EndGlobalSection
	GlobalSection(ExtensibilityGlobals) = postSolution
		SolutionGuid = {29524753-0E31-44AF-848E-571963919D7D}
	EndGlobalSection
EndGlobal
